
Microsoft Visual Studio Solution File, Format Version 12.00
# Visual Studio Version 17
VisualStudioVersion = 17.6.33723.286
MinimumVisualStudioVersion = 10.0.40219.1
Project("{FAE04EC0-301F-11D3-BF4B-00C04F79EFBC}") = "testC#", "testC#.csproj", "{AAB3388A-D905-4231-AB27-B1A62B396733}"
EndProject
Global
	GlobalSection(SolutionConfigurationPlatforms) = preSolution
		Debug|Any CPU = Debug|Any CPU
		Release|Any CPU = Release|Any CPU
	EndGlobalSection
	GlobalSection(ProjectConfigurationPlatforms) = postSolution
		{AAB3388A-D905-4231-AB27-B1A62B396733}.Debug|Any CPU.ActiveCfg = Debug|Any CPU
		{AAB3388A-D905-4231-AB27-B1A62B396733}.Debug|Any CPU.Build.0 = Debug|Any CPU
		{AAB3388A-D905-4231-AB27-B1A62B396733}.Release|Any CPU.ActiveCfg = Release|Any CPU
		{AAB3388A-D905-4231-AB27-B1A62B396733}.Release|Any CPU.Build.0 = Release|Any CPU
	EndGlobalSection
	GlobalSection(SolutionProperties) = preSolution
		HideSolutionNode = FALSE
	EndGlobalSection
	GlobalSection(ExtensibilityGlobals) = postSolution
		SolutionGuid = {2D3B2ECB-7D2B-435C-981D-E2BD8C592723}
	EndGlobalSection
EndGlobal
